// !$*UTF8*$!
{
	archiveVersion = 1;
	classes = {
	};
	objectVersion = 46;
	objects = {

/* Begin PBXBuildFile section */
		BFF3BEE01E38D69C002B5626 /* AppDelegate.swift in Sources */ = {isa = PBXBuildFile; fileRef = BFF3BEDF1E38D69C002B5626 /* AppDelegate.swift */; };
		BFF3BEE21E38D69C002B5626 /* ViewController.swift in Sources */ = {isa = PBXBuildFile; fileRef = BFF3BEE11E38D69C002B5626 /* ViewController.swift */; };
		BFF3BEE51E38D69C002B5626 /* Main.storyboard in Resources */ = {isa = PBXBuildFile; fileRef = BFF3BEE31E38D69C002B5626 /* Main.storyboard */; };
		BFF3BEE71E38D69C002B5626 /* Assets.xcassets in Resources */ = {isa = PBXBuildFile; fileRef = BFF3BEE61E38D69C002B5626 /* Assets.xcassets */; };
		BFF3BEEA1E38D69C002B5626 /* LaunchScreen.storyboard in Resources */ = {isa = PBXBuildFile; fileRef = BFF3BEE81E38D69C002B5626 /* LaunchScreen.storyboard */; };
		BFF3BEF21E38D7C2002B5626 /* RestaurantTableViewController.swift in Sources */ = {isa = PBXBuildFile; fileRef = BFF3BEF11E38D7C2002B5626 /* RestaurantTableViewController.swift */; };
/* End PBXBuildFile section */

/* Begin PBXFileReference section */
		BFF3BEDC1E38D69C002B5626 /* FoodPin.app */ = {isa = PBXFileReference; explicitFileType = wrapper.application; includeInIndex = 0; path = FoodPin.app; sourceTree = BUILT_PRODUCTS_DIR; };
		BFF3BEDF1E38D69C002B5626 /* AppDelegate.swift */ = {isa = PBXFileReference; lastKnownFileType = sourcecode.swift; path = AppDelegate.swift; sourceTree = "<group>"; };
		BFF3BEE11E38D69C002B5626 /* ViewController.swift */ = {isa = PBXFileReference; lastKnownFileType = sourcecode.swift; path = ViewController.swift; sourceTree = "<group>"; };
		BFF3BEE41E38D69C002B5626 /* Base */ = {isa = PBXFileReference; lastKnownFileType = file.storyboard; name = Base; path = Base.lproj/Main.storyboard; sourceTree = "<group>"; };
		BFF3BEE61E38D69C002B5626 /* Assets.xcassets */ = {isa = PBXFileReference; lastKnownFileType = folder.assetcatalog; path = Assets.xcassets; sourceTree = "<group>"; };
		BFF3BEE91E38D69C002B5626 /* Base */ = {isa = PBXFileReference; lastKnownFileType = file.storyboard; name = Base; path = Base.lproj/LaunchScreen.storyboard; sourceTree = "<group>"; };
		BFF3BEEB1E38D69C002B5626 /* Info.plist */ = {isa = PBXFileReference; lastKnownFileType = text.plist.xml; path = Info.plist; sourceTree = "<group>"; };
		BFF3BEF11E38D7C2002B5626 /* RestaurantTableViewController.swift */ = {isa = PBXFileReference; fileEncoding = 4; lastKnownFileType = sourcecode.swift; path = RestaurantTableViewController.swift; sourceTree = "<group>"; };
/* End PBXFileReference section */

/* Begin PBXFrameworksBuildPhase section */
		BFF3BED91E38D69C002B5626 /* Frameworks */ = {
			isa = PBXFrameworksBuildPhase;
			buildActionMask = 2147483647;
			files = (
			);
			runOnlyForDeploymentPostprocessing = 0;
		};
/* End PBXFrameworksBuildPhase section */

/* Begin PBXGroup section */
		BFF3BED31E38D69C002B5626 = {
			isa = PBXGroup;
			children = (
				BFF3BEDE1E38D69C002B5626 /* FoodPin */,
				BFF3BEDD1E38D69C002B5626 /* Products */,
			);
			sourceTree = "<group>";
		};
		BFF3BEDD1E38D69C002B5626 /* Products */ = {
			isa = PBXGroup;
			children = (
				BFF3BEDC1E38D69C002B5626 /* FoodPin.app */,
			);
			name = Products;
			sourceTree = "<group>";
		};
		BFF3BEDE1E38D69C002B5626 /* FoodPin */ = {
			isa = PBXGroup;
			children = (
				BFF3BEDF1E38D69C002B5626 /* AppDelegate.swift */,
				BFF3BEE11E38D69C002B5626 /* ViewController.swift */,
				BFF3BEE31E38D69C002B5626 /* Main.storyboard */,
				BFF3BEE61E38D69C002B5626 /* Assets.xcassets */,
				BFF3BEE81E38D69C002B5626 /* LaunchScreen.storyboard */,
				BFF3BEEB1E38D69C002B5626 /* Info.plist */,
				BFF3BEF11E38D7C2002B5626 /* RestaurantTableViewController.swift */,
			);
			path = FoodPin;
			sourceTree = "<group>";
		};
/* End PBXGroup section */

/* Begin PBXNativeTarget section */
		BFF3BEDB1E38D69C002B5626 /* FoodPin */ = {
			isa = PBXNativeTarget;
			buildConfigurationList = BFF3BEEE1E38D69C002B5626 /* Build configuration list for PBXNativeTarget "FoodPin" */;
			buildPhases = (
				BFF3BED81E38D69C002B5626 /* Sources */,
				BFF3BED91E38D69C002B5626 /* Frameworks */,
				BFF3BEDA1E38D69C002B5626 /* Resources */,
			);
			buildRules = (
			);
			dependencies = (
			);
			name = FoodPin;
			productName = FoodPin;
			productReference = BFF3BEDC1E38D69C002B5626 /* FoodPin.app */;
			productType = "com.apple.product-type.application";
		};
/* End PBXNativeTarget section */

/* Begin PBXProject section */
		BFF3BED41E38D69C002B5626 /* Project object */ = {
			isa = PBXProject;
			attributes = {
				LastSwiftUpdateCheck = 0800;
				LastUpgradeCheck = 0800;
				ORGANIZATIONNAME = BHSRam5;
				TargetAttributes = {
					BFF3BEDB1E38D69C002B5626 = {
						CreatedOnToolsVersion = 8.0;
						ProvisioningStyle = Automatic;
					};
				};
			};
			buildConfigurationList = BFF3BED71E38D69C002B5626 /* Build configuration list for PBXProject "FoodPin" */;
			compatibilityVersion = "Xcode 3.2";
			developmentRegion = English;
			hasScannedForEncodings = 0;
			knownRegions = (
				en,
				Base,
			);
			mainGroup = BFF3BED31E38D69C002B5626;
			productRefGroup = BFF3BEDD1E38D69C002B5626 /* Products */;
			projectDirPath = "";
			projectRoot = "";
			targets = (
				BFF3BEDB1E38D69C002B5626 /* FoodPin */,
			);
		};
/* End PBXProject section */

/* Begin PBXResourcesBuildPhase section */
		BFF3BEDA1E38D69C002B5626 /* Resources */ = {
			isa = PBXResourcesBuildPhase;
			buildActionMask = 2147483647;
			files = (
				BFF3BEEA1E38D69C002B5626 /* LaunchScreen.storyboard in Resources */,
				BFF3BEE71E38D69C002B5626 /* Assets.xcassets in Resources */,
				BFF3BEE51E38D69C002B5626 /* Main.storyboard in Resources */,
			);
			runOnlyForDeploymentPostprocessing = 0;
		};
/* End PBXResourcesBuildPhase section */

/* Begin PBXSourcesBuildPhase section */
		BFF3BED81E38D69C002B5626 /* Sources */ = {
			isa = PBXSourcesBuildPhase;
			buildActionMask = 2147483647;
			files = (
				BFF3BEE21E38D69C002B5626 /* ViewController.swift in Sources */,
				BFF3BEE01E38D69C002B5626 /* AppDelegate.swift in Sources */,
				BFF3BEF21E38D7C2002B5626 /* RestaurantTableViewController.swift in Sources */,
			);
			runOnlyForDeploymentPostprocessing = 0;
		};
/* End PBXSourcesBuildPhase section */

/* Begin PBXVariantGroup section */
		BFF3BEE31E38D69C002B5626 /* Main.storyboard */ = {
			isa = PBXVariantGroup;
			children = (
				BFF3BEE41E38D69C002B5626 /* Base */,
			);
			name = Main.storyboard;
			sourceTree = "<group>";
		};
		BFF3BEE81E38D69C002B5626 /* LaunchScreen.storyboard */ = {
			isa = PBXVariantGroup;
			children = (
				BFF3BEE91E38D69C002B5626 /* Base */,
			);
			name = LaunchScreen.storyboard;
			sourceTree = "<group>";
		};
/* End PBXVariantGroup section */

/* Begin XCBuildConfiguration section */
		BFF3BEEC1E38D69C002B5626 /* Debug */ = {
			isa = XCBuildConfiguration;
			buildSettings = {
				ALWAYS_SEARCH_USER_PATHS = NO;
				CLANG_ANALYZER_NONNULL = YES;
				CLANG_CXX_LANGUAGE_STANDARD = "gnu++0x";
				CLANG_CXX_LIBRARY = "libc++";
				CLANG_ENABLE_MODULES = YES;
				CLANG_ENABLE_OBJC_ARC = YES;
				CLANG_WARN_BOOL_CONVERSION = YES;
				CLANG_WARN_CONSTANT_CONVERSION = YES;
				CLANG_WARN_DIRECT_OBJC_ISA_USAGE = YES_ERROR;
				CLANG_WARN_DOCUMENTATION_COMMENTS = YES;
				CLANG_WARN_EMPTY_BODY = YES;
				CLANG_WARN_ENUM_CONVERSION = YES;
				CLANG_WARN_INFINITE_RECURSION = YES;
				CLANG_WARN_INT_CONVERSION = YES;
				CLANG_WARN_OBJC_ROOT_CLASS = YES_ERROR;
				CLANG_WARN_SUSPICIOUS_MOVES = YES;
				CLANG_WARN_UNREACHABLE_CODE = YES;
				CLANG_WARN__DUPLICATE_METHOD_MATCH = YES;
				"CODE_SIGN_IDENTITY[sdk=iphoneos*]" = "iPhone Developer";
				COPY_PHASE_STRIP = NO;
				DEBUG_INFORMATION_FORMAT = dwarf;
				ENABLE_STRICT_OBJC_MSGSEND = YES;
				ENABLE_TESTABILITY = YES;
				GCC_C_LANGUAGE_STANDARD = gnu99;
				GCC_DYNAMIC_NO_PIC = NO;
				GCC_NO_COMMON_BLOCKS = YES;
				GCC_OPTIMIZATION_LEVEL = 0;
				GCC_PREPROCESSOR_DEFINITIONS = (
					"DEBUG=1",
					"$(inherited)",
				);
				GCC_WARN_64_TO_32_BIT_CONVERSION = YES;
				GCC_WARN_ABOUT_RETURN_TYPE = YES_ERROR;
				GCC_WARN_UNDECLARED_SELECTOR = YES;
				GCC_WARN_UNINITIALIZED_AUTOS = YES_AGGRESSIVE;
				GCC_WARN_UNUSED_FUNCTION = YES;
				GCC_WARN_UNUSED_VARIABLE = YES;
				IPHONEOS_DEPLOYMENT_TARGET = 10.0;
				MTL_ENABLE_DEBUG_INFO = YES;
				ONLY_ACTIVE_ARCH = YES;
				SDKROOT = iphoneos;
				SWIFT_ACTIVE_COMPILATION_CONDITIONS = DEBUG;
				SWIFT_OPTIMIZATION_LEVEL = "-Onone";
				TARGETED_DEVICE_FAMILY = "1,2";
			};
			name = Debug;
		};
		BFF3BEED1E38D69C002B5626 /* Release */ = {
			isa = XCBuildConfiguration;
			buildSettings = {
				ALWAYS_SEARCH_USER_PATHS = NO;
				CLANG_ANALYZER_NONNULL = YES;
				CLANG_CXX_LANGUAGE_STANDARD = "gnu++0x";
				CLANG_CXX_LIBRARY = "libc++";
				CLANG_ENABLE_MODULES = YES;
				CLANG_ENABLE_OBJC_ARC = YES;
				CLANG_WARN_BOOL_CONVERSION = YES;
				CLANG_WARN_CONSTANT_CONVERSION = YES;
				CLANG_WARN_DIRECT_OBJC_ISA_USAGE = YES_ERROR;
				CLANG_WARN_DOCUMENTATION_COMMENTS = YES;
				CLANG_WARN_EMPTY_BODY = YES;
				CLANG_WARN_ENUM_CONVERSION = YES;
				CLANG_WARN_INFINITE_RECURSION = YES;
				CLANG_WARN_INT_CONVERSION = YES;
				CLANG_WARN_OBJC_ROOT_CLASS = YES_ERROR;
				CLANG_WARN_SUSPICIOUS_MOVES = YES;
				CLANG_WARN_UNREACHABLE_CODE = YES;
				CLANG_WARN__DUPLICATE_METHOD_MATCH = YES;
				"CODE_SIGN_IDENTITY[sdk=iphoneos*]" = "iPhone Developer";
				COPY_PHASE_STRIP = NO;
				DEBUG_INFORMATION_FORMAT = "dwarf-with-dsym";
				ENABLE_NS_ASSERTIONS = NO;
				ENABLE_STRICT_OBJC_MSGSEND = YES;
				GCC_C_LANGUAGE_STANDARD = gnu99;
				GCC_NO_COMMON_BLOCKS = YES;
				GCC_WARN_64_TO_32_BIT_CONVERSION = YES;
				GCC_WARN_ABOUT_RETURN_TYPE = YES_ERROR;
				GCC_WARN_UNDECLARED_SELECTOR = YES;
				GCC_WARN_UNINITIALIZED_AUTOS = YES_AGGRESSIVE;
				GCC_WARN_UNUSED_FUNCTION = YES;
				GCC_WARN_UNUSED_VARIABLE = YES;
				IPHONEOS_DEPLOYMENT_TARGET = 10.0;
				MTL_ENABLE_DEBUG_INFO = NO;
				SDKROOT = iphoneos;
				SWIFT_OPTIMIZATION_LEVEL = "-Owholemodule";
				TARGETED_DEVICE_FAMILY = "1,2";
				VALIDATE_PRODUCT = YES;
			};
			name = Release;
		};
		BFF3BEEF1E38D69C002B5626 /* Debug */ = {
			isa = XCBuildConfiguration;
			buildSettings = {
				ASSETCATALOG_COMPILER_APPICON_NAME = AppIcon;
				INFOPLIST_FILE = FoodPin/Info.plist;
				LD_RUNPATH_SEARCH_PATHS = "$(inherited) @executable_path/Frameworks";
				PRODUCT_BUNDLE_IDENTIFIER = badin.FoodPin;
				PRODUCT_NAME = "$(TARGET_NAME)";
				SWIFT_VERSION = 3.0;
			};
			name = Debug;
		};
		BFF3BEF01E38D69C002B5626 /* Release */ = {
			isa = XCBuildConfiguration;
			buildSettings = {
				ASSETCATALOG_COMPILER_APPICON_NAME = AppIcon;
				INFOPLIST_FILE = FoodPin/Info.plist;
				LD_RUNPATH_SEARCH_PATHS = "$(inherited) @executable_path/Frameworks";
				PRODUCT_BUNDLE_IDENTIFIER = badin.FoodPin;
				PRODUCT_NAME = "$(TARGET_NAME)";
				SWIFT_VERSION = 3.0;
			};
			name = Release;
		};
/* End XCBuildConfiguration section */

/* Begin XCConfigurationList section */
		BFF3BED71E38D69C002B5626 /* Build configuration list for PBXProject "FoodPin" */ = {
			isa = XCConfigurationList;
			buildConfigurations = (
				BFF3BEEC1E38D69C002B5626 /* Debug */,
				BFF3BEED1E38D69C002B5626 /* Release */,
			);
			defaultConfigurationIsVisible = 0;
			defaultConfigurationName = Release;
		};
		BFF3BEEE1E38D69C002B5626 /* Build configuration list for PBXNativeTarget "FoodPin" */ = {
			isa = XCConfigurationList;
			buildConfigurations = (
				BFF3BEEF1E38D69C002B5626 /* Debug */,
				BFF3BEF01E38D69C002B5626 /* Release */,
			);
			defaultConfigurationIsVisible = 0;
		};
/* End XCConfigurationList section */
	};
	rootObject = BFF3BED41E38D69C002B5626 /* Project object */;
}
